{
	"name": "ReactCalculator",
	"version": "0.0.1",
	"lockfileVersion": 1,
	"requires": true,
	"dependencies": {
		"react-native-clean-project": {
			"version": "1.0.4",
			"resolved": "https://registry.npmjs.org/react-native-clean-project/-/react-native-clean-project-1.0.4.tgz",
			"integrity": "sha1-d4disr5n6BPpZ032AXtp9i02AuA="
		}
	}
}
